
Microsoft Visual Studio Solution File, Format Version 12.00
# Visual Studio Version 17
VisualStudioVersion = 17.9.34728.123
MinimumVisualStudioVersion = 10.0.40219.1
Project("{FAE04EC0-301F-11D3-BF4B-00C04F79EFBC}") = "ArgusFrontend", "ArgusFrontend.csproj", "{74DF8E93-A862-4284-B84B-17BEB153975D}"
EndProject
Global
	GlobalSection(SolutionConfigurationPlatforms) = preSolution
		Debug|Any CPU = Debug|Any CPU
		Release|Any CPU = Release|Any CPU
	EndGlobalSection
	GlobalSection(ProjectConfigurationPlatforms) = postSolution
		{74DF8E93-A862-4284-B84B-17BEB153975D}.Debug|Any CPU.ActiveCfg = Debug|Any CPU
		{74DF8E93-A862-4284-B84B-17BEB153975D}.Debug|Any CPU.Build.0 = Debug|Any CPU
		{74DF8E93-A862-4284-B84B-17BEB153975D}.Release|Any CPU.ActiveCfg = Release|Any CPU
		{74DF8E93-A862-4284-B84B-17BEB153975D}.Release|Any CPU.Build.0 = Release|Any CPU
	EndGlobalSection
	GlobalSection(SolutionProperties) = preSolution
		HideSolutionNode = FALSE
	EndGlobalSection
	GlobalSection(ExtensibilityGlobals) = postSolution
		SolutionGuid = {956FF978-849D-463E-8B46-90C57AFDD40D}
	EndGlobalSection
EndGlobal
